<?xml version="1.0" encoding="utf-8"?>
<Project ToolsVersion="4.0" xmlns="http://schemas.microsoft.com/developer/msbuild/2003">
  <ItemGroup>
    <Filter Include="Source Files">
      <UniqueIdentifier>{4FC737F1-C7A5-4376-A066-2A32D752A2FF}</UniqueIdentifier>
      <Extensions>cpp;c;cc;cxx;def;odl;idl;hpj;bat;asm;asmx</Extensions>
    </Filter>
    <Filter Include="Header Files">
      <UniqueIdentifier>{93995380-89BD-4b04-88EB-625FBE52EBFB}</UniqueIdentifier>
      <Extensions>h;hh;hpp;hxx;hm;inl;inc;ipp;xsd</Extensions>
    </Filter>
    <Filter Include="Resource Files">
      <UniqueIdentifier>{67DA6AB6-F800-4c08-8B7A-83BB121AAD01}</UniqueIdentifier>
      <Extensions>rc;ico;cur;bmp;dlg;rc2;rct;bin;rgs;gif;jpg;jpeg;jpe;resx;tiff;tif;png;wav;mfcribbon-ms</Extensions>
    </Filter>
    <Filter Include="Resource Files\Rescource">
      <UniqueIdentifier>{98f6770e-8a79-4767-9959-e82b3ba0e4fc}</UniqueIdentifier>
    </Filter>
    <Filter Include="Resource Files\Rescource\Font">
      <UniqueIdentifier>{586f9fad-6b87-41b3-ba31-1c5af0c9cab6}</UniqueIdentifier>
    </Filter>
  </ItemGroup>
  <ItemGroup>
    <ClCompile Include="main.cpp">
      <Filter>Source Files</Filter>
    </ClCompile>
    <ClCompile Include="StateMachine.cpp">
      <Filter>Source Files</Filter>
    </ClCompile>
    <ClCompile Include="AssetManager.cpp">
      <Filter>Source Files</Filter>
    </ClCompile>
    <ClCompile Include="InputManager.cpp">
      <Filter>Source Files</Filter>
    </ClCompile>
    <ClCompile Include="Game.cpp">
      <Filter>Source Files</Filter>
    </ClCompile>
    <ClCompile Include="Game_State.cpp">
      <Filter>Source Files</Filter>
    </ClCompile>
    <ClCompile Include="Snake.cpp">
      <Filter>Source Files</Filter>
    </ClCompile>
    <ClCompile Include="Fruit.cpp">
      <Filter>Source Files</Filter>
    </ClCompile>
    <ClCompile Include="Collision.cpp">
      <Filter>Source Files</Filter>
    </ClCompile>
    <ClCompile Include="Game_State_2.cpp">
      <Filter>Source Files</Filter>
    </ClCompile>
    <ClCompile Include="Game_State_3.cpp">
      <Filter>Source Files</Filter>
    </ClCompile>
    <ClCompile Include="Score.cpp">
      <Filter>Source Files</Filter>
    </ClCompile>
    <ClCompile Include="Game_Over_State.cpp">
      <Filter>Source Files</Filter>
    </ClCompile>
    <ClCompile Include="Main_Menu_State.cpp">
      <Filter>Source Files</Filter>
    </ClCompile>
    <ClCompile Include="Choose_Game_State.cpp">
      <Filter>Source Files</Filter>
    </ClCompile>
    <ClCompile Include="High_Scores_State.cpp">
      <Filter>Source Files</Filter>
    </ClCompile>
    <ClCompile Include="Game_State_4.cpp">
      <Filter>Source Files</Filter>
    </ClCompile>
    <ClCompile Include="Game_Over_State_2.cpp">
      <Filter>Source Files</Filter>
    </ClCompile>
    <ClCompile Include="Splash_State.cpp">
      <Filter>Source Files</Filter>
    </ClCompile>
  </ItemGroup>
  <ItemGroup>
    <ClInclude Include="State.h">
      <Filter>Header Files</Filter>
    </ClInclude>
    <ClInclude Include="StateMachine.h">
      <Filter>Header Files</Filter>
    </ClInclude>
    <ClInclude Include="AssetManager.h">
      <Filter>Header Files</Filter>
    </ClInclude>
    <ClInclude Include="InputManager.h">
      <Filter>Header Files</Filter>
    </ClInclude>
    <ClInclude Include="Game.h">
      <Filter>Header Files</Filter>
    </ClInclude>
    <ClInclude Include="DEFFINITIONS.h">
      <Filter>Header Files</Filter>
    </ClInclude>
    <ClInclude Include="Game_State.h">
      <Filter>Header Files</Filter>
    </ClInclude>
    <ClInclude Include="Snake.h">
      <Filter>Header Files</Filter>
    </ClInclude>
    <ClInclude Include="Fruit.h">
      <Filter>Header Files</Filter>
    </ClInclude>
    <ClInclude Include="Collision.h">
      <Filter>Header Files</Filter>
    </ClInclude>
    <ClInclude Include="Game_State_2.h">
      <Filter>Header Files</Filter>
    </ClInclude>
    <ClInclude Include="Game_State_3.h">
      <Filter>Header Files</Filter>
    </ClInclude>
    <ClInclude Include="Score.h">
      <Filter>Header Files</Filter>
    </ClInclude>
    <ClInclude Include="Game_Over_State.h">
      <Filter>Header Files</Filter>
    </ClInclude>
    <ClInclude Include="Main_Menu_State.h">
      <Filter>Header Files</Filter>
    </ClInclude>
    <ClInclude Include="Choose_Game_State.h">
      <Filter>Header Files</Filter>
    </ClInclude>
    <ClInclude Include="High_Scores_State.h">
      <Filter>Header Files</Filter>
    </ClInclude>
    <ClInclude Include="Game_State_4.h">
      <Filter>Header Files</Filter>
    </ClInclude>
    <ClInclude Include="Game_Over_State_2.h">
      <Filter>Header Files</Filter>
    </ClInclude>
    <ClInclude Include="Splash_State.h">
      <Filter>Header Files</Filter>
    </ClInclude>
  </ItemGroup>
  <ItemGroup>
    <None Include="openal32.dll">
      <Filter>Resource Files</Filter>
    </None>
    <None Include="sfml-audio-2.dll">
      <Filter>Resource Files</Filter>
    </None>
    <None Include="sfml-audio-d-2.dll">
      <Filter>Resource Files</Filter>
    </None>
    <None Include="sfml-graphics-2.dll">
      <Filter>Resource Files</Filter>
    </None>
    <None Include="sfml-graphics-d-2.dll">
      <Filter>Resource Files</Filter>
    </None>
    <None Include="sfml-network-2.dll">
      <Filter>Resource Files</Filter>
    </None>
    <None Include="sfml-network-d-2.dll">
      <Filter>Resource Files</Filter>
    </None>
    <None Include="sfml-system-2.dll">
      <Filter>Resource Files</Filter>
    </None>
    <None Include="sfml-system-d-2.dll">
      <Filter>Resource Files</Filter>
    </None>
    <None Include="sfml-window-2.dll">
      <Filter>Resource Files</Filter>
    </None>
    <None Include="sfml-window-d-2.dll">
      <Filter>Resource Files</Filter>
    </None>
  </ItemGroup>
  <ItemGroup>
    <Font Include="Resources\Font\Comic Sans.ttf">
      <Filter>Resource Files\Rescource\Font</Filter>
    </Font>
  </ItemGroup>
</Project>